PODS:
  - Flutter (1.0.0)
  - OkCore (1.3.7)
  - okhi (0.0.1):
    - Flutter
    - OkCore (~> 1.3.7)

DEPENDENCIES:
  - Flutter (from `Flutter`)
  - okhi (from `.symlinks/plugins/okhi/ios`)

SPEC REPOS:
  trunk:
    - OkCore

EXTERNAL SOURCES:
  Flutter:
    :path: Flutter
  okhi:
    :path: ".symlinks/plugins/okhi/ios"

SPEC CHECKSUMS:
  Flutter: 50d75fe2f02b26cc09d224853bb45737f8b3214a
  OkCore: 9bea489a421d27f24f313123c8ba0bb5e3bba6f1
  okhi: 9370b1e4ffbda52ecf096c3823d0c85d5d29a3bd

PODFILE CHECKSUM: 4e8f8b2be68aeea4c0d5beb6ff1e79fface1d048

COCOAPODS: 1.11.2
