PODS:
  - Flutter (1.0.0)
  - OkCore (1.4.0)
  - okhi (0.0.1):
    - Flutter
    - OkCore (~> 1.4.0)
    - OkVerify (~> 1.4.0)
  - OkVerify (1.4.0):
    - OkCore (~> 1.4.0)
  - webview_flutter_wkwebview (0.0.1):
    - Flutter

DEPENDENCIES:
  - Flutter (from `Flutter`)
  - okhi (from `.symlinks/plugins/okhi/ios`)
  - webview_flutter_wkwebview (from `.symlinks/plugins/webview_flutter_wkwebview/ios`)

SPEC REPOS:
  trunk:
    - OkCore
    - OkVerify

EXTERNAL SOURCES:
  Flutter:
    :path: Flutter
  okhi:
    :path: ".symlinks/plugins/okhi/ios"
  webview_flutter_wkwebview:
    :path: ".symlinks/plugins/webview_flutter_wkwebview/ios"

SPEC CHECKSUMS:
  Flutter: 50d75fe2f02b26cc09d224853bb45737f8b3214a
  OkCore: 29913812f9381c614df4f438ae2c0257dbe41243
  okhi: 432e6be9df0905b9e88761bf8cbb963e93c1ad65
  OkVerify: 2c7bfa024e82e97fad55216b53aad97ad4a4e77d
  webview_flutter_wkwebview: 44aa025fbcf6730d808f1e0d86a5af5ac25fa8de

PODFILE CHECKSUM: 4e8f8b2be68aeea4c0d5beb6ff1e79fface1d048

COCOAPODS: 1.11.2
